
Microsoft Visual Studio Solution File, Format Version 12.00
# Visual Studio Version 17
VisualStudioVersion = 17.7.34221.43
MinimumVisualStudioVersion = 10.0.40219.1
Project("{9A19103F-16F7-4668-BE54-9A1E7A4F7556}") = "EQrent - Projekt", "EQrent - Projekt\EQrent - Projekt.csproj", "{BBE0C7D4-5786-4F5B-A597-939FFFB2397D}"
EndProject
Global
	GlobalSection(SolutionConfigurationPlatforms) = preSolution
		Debug|Any CPU = Debug|Any CPU
		Release|Any CPU = Release|Any CPU
	EndGlobalSection
	GlobalSection(ProjectConfigurationPlatforms) = postSolution
		{BBE0C7D4-5786-4F5B-A597-939FFFB2397D}.Debug|Any CPU.ActiveCfg = Debug|Any CPU
		{BBE0C7D4-5786-4F5B-A597-939FFFB2397D}.Debug|Any CPU.Build.0 = Debug|Any CPU
		{BBE0C7D4-5786-4F5B-A597-939FFFB2397D}.Release|Any CPU.ActiveCfg = Release|Any CPU
		{BBE0C7D4-5786-4F5B-A597-939FFFB2397D}.Release|Any CPU.Build.0 = Release|Any CPU
	EndGlobalSection
	GlobalSection(SolutionProperties) = preSolution
		HideSolutionNode = FALSE
	EndGlobalSection
	GlobalSection(ExtensibilityGlobals) = postSolution
		SolutionGuid = {3588BD52-2F52-4F16-BACF-8546E58BD99D}
	EndGlobalSection
EndGlobal
